
Microsoft Visual Studio Solution File, Format Version 12.00
# Visual Studio Version 16
VisualStudioVersion = 16.0.30621.155
MinimumVisualStudioVersion = 10.0.40219.1
Project("{8BC9CEB8-8B4A-11D0-8D11-00A0C91BC942}") = "millionware", "millionware\millionware.vcxproj", "{0D355C37-506E-4887-B719-361FFF5B7340}"
EndProject
Project("{8BC9CEB8-8B4A-11D0-8D11-00A0C91BC942}") = "injector", "injector\injector.vcxproj", "{405AD3CC-0C52-40C5-938B-81555208F8C5}"
	ProjectSection(ProjectDependencies) = postProject
		{0D355C37-506E-4887-B719-361FFF5B7340} = {0D355C37-506E-4887-B719-361FFF5B7340}
	EndProjectSection
EndProject
Global
	GlobalSection(SolutionConfigurationPlatforms) = preSolution
		debug|x86 = debug|x86
		stable|x86 = stable|x86
	EndGlobalSection
	GlobalSection(ProjectConfigurationPlatforms) = postSolution
		{0D355C37-506E-4887-B719-361FFF5B7340}.debug|x86.ActiveCfg = debug|Win32
		{0D355C37-506E-4887-B719-361FFF5B7340}.debug|x86.Build.0 = debug|Win32
		{0D355C37-506E-4887-B719-361FFF5B7340}.stable|x86.ActiveCfg = stable|Win32
		{0D355C37-506E-4887-B719-361FFF5B7340}.stable|x86.Build.0 = stable|Win32
		{405AD3CC-0C52-40C5-938B-81555208F8C5}.debug|x86.ActiveCfg = debug|Win32
		{405AD3CC-0C52-40C5-938B-81555208F8C5}.debug|x86.Build.0 = debug|Win32
		{405AD3CC-0C52-40C5-938B-81555208F8C5}.stable|x86.ActiveCfg = stable|Win32
		{405AD3CC-0C52-40C5-938B-81555208F8C5}.stable|x86.Build.0 = stable|Win32
	EndGlobalSection
	GlobalSection(SolutionProperties) = preSolution
		HideSolutionNode = FALSE
	EndGlobalSection
	GlobalSection(ExtensibilityGlobals) = postSolution
		SolutionGuid = {9EE24915-A8C4-4B03-A3E1-C001B15A4FA7}
	EndGlobalSection
EndGlobal
